{
    "version": 3,
    "terraform_version": "0.11.7",
    "serial": 93,
    "lineage": "3946d939-0aa7-0aff-437b-d2b3ee69781c",
    "modules": [
        {
            "path": [
                "root"
            ],
            "outputs": {
                "ip": {
                    "sensitive": false,
                    "type": "string",
                    "value": "18.212.93.35"
                }
            },
            "resources": {
                "aws_iam_instance_profile.terraform_s3_policy": {
                    "type": "aws_iam_instance_profile",
                    "depends_on": [
                        "aws_iam_role.s3_role"
                    ],
                    "primary": {
                        "id": "terraform_s3_policy",
                        "attributes": {
                            "arn": "arn:aws:iam::778115407096:instance-profile/terraform_s3_policy",
                            "create_date": "2018-08-21T09:59:17Z",
                            "id": "terraform_s3_policy",
                            "name": "terraform_s3_policy",
                            "path": "/",
                            "role": "s3_role",
                            "roles.#": "0",
                            "unique_id": "AIPAIT3UWK4W432V5OWR2"
                        },
                        "meta": {},
                        "tainted": false
                    },
                    "deposed": [],
                    "provider": "provider.aws"
                },
                "aws_iam_policy.policy": {
                    "type": "aws_iam_policy",
                    "depends_on": [],
                    "primary": {
                        "id": "arn:aws:iam::778115407096:policy/terraform_s3_policy",
                        "attributes": {
                            "arn": "arn:aws:iam::778115407096:policy/terraform_s3_policy",
                            "description": "My test policy",
                            "id": "arn:aws:iam::778115407096:policy/terraform_s3_policy",
                            "name": "terraform_s3_policy",
                            "path": "/",
                            "policy": "{\n  \"Version\": \"2012-10-17\",\n  \"Statement\": [\n        {\n            \"Effect\": \"Allow\",\n            \"Action\": \"s3:*\",\n            \"Resource\": \"*\"\n        }\n    ]\n}\n"
                        },
                        "meta": {},
                        "tainted": false
                    },
                    "deposed": [],
                    "provider": "provider.aws"
                },
                "aws_iam_policy_attachment.test-attach": {
                    "type": "aws_iam_policy_attachment",
                    "depends_on": [
                        "aws_iam_role.s3_role"
                    ],
                    "primary": {
                        "id": "test-attachment",
                        "attributes": {
                            "groups.#": "0",
                            "id": "test-attachment",
                            "name": "test-attachment",
                            "policy_arn": "arn:aws:iam::aws:policy/AmazonS3FullAccess",
                            "roles.#": "1",
                            "roles.241986983": "s3_role",
                            "users.#": "0"
                        },
                        "meta": {},
                        "tainted": false
                    },
                    "deposed": [],
                    "provider": "provider.aws"
                },
                "aws_iam_role.s3_role": {
                    "type": "aws_iam_role",
                    "depends_on": [],
                    "primary": {
                        "id": "s3_role",
                        "attributes": {
                            "arn": "arn:aws:iam::778115407096:role/s3_role",
                            "assume_role_policy": "{\"Version\":\"2012-10-17\",\"Statement\":[{\"Sid\":\"\",\"Effect\":\"Allow\",\"Principal\":{\"Service\":\"ec2.amazonaws.com\"},\"Action\":\"sts:AssumeRole\"}]}",
                            "create_date": "2018-08-21T09:44:59Z",
                            "description": "",
                            "force_detach_policies": "false",
                            "id": "s3_role",
                            "max_session_duration": "3600",
                            "name": "s3_role",
                            "path": "/",
                            "unique_id": "AROAIP5NOGAFRQGVPWVVO"
                        },
                        "meta": {},
                        "tainted": false
                    },
                    "deposed": [],
                    "provider": "provider.aws"
                },
                "aws_instance.web": {
                    "type": "aws_instance",
                    "depends_on": [
                        "aws_iam_instance_profile.terraform_s3_policy",
                        "aws_security_group.allow_all",
                        "aws_subnet.public",
                        "data.template_file.userdata1"
                    ],
                    "primary": {
                        "id": "i-00b019569e55ba5f5",
                        "attributes": {
                            "ami": "ami-04681a1dbd79675a5",
                            "arn": "arn:aws:ec2:us-east-1:778115407096:instance/i-00b019569e55ba5f5",
                            "associate_public_ip_address": "true",
                            "availability_zone": "us-east-1b",
                            "cpu_core_count": "1",
                            "cpu_threads_per_core": "1",
                            "credit_specification.#": "1",
                            "credit_specification.0.cpu_credits": "standard",
                            "disable_api_termination": "false",
                            "ebs_block_device.#": "0",
                            "ebs_optimized": "false",
                            "ephemeral_block_device.#": "0",
                            "get_password_data": "false",
                            "iam_instance_profile": "terraform_s3_policy",
                            "id": "i-00b019569e55ba5f5",
                            "instance_state": "running",
                            "instance_type": "t2.micro",
                            "ipv6_addresses.#": "0",
                            "key_name": "MyGuruKP",
                            "monitoring": "false",
                            "network_interface.#": "0",
                            "network_interface_id": "eni-058381935edc32bf0",
                            "password_data": "",
                            "placement_group": "",
                            "primary_network_interface_id": "eni-058381935edc32bf0",
                            "private_dns": "ip-10-0-1-43.ec2.internal",
                            "private_ip": "10.0.1.43",
                            "public_dns": "ec2-18-212-93-35.compute-1.amazonaws.com",
                            "public_ip": "18.212.93.35",
                            "root_block_device.#": "1",
                            "root_block_device.0.delete_on_termination": "true",
                            "root_block_device.0.iops": "100",
                            "root_block_device.0.volume_id": "vol-074ba6ea296852801",
                            "root_block_device.0.volume_size": "8",
                            "root_block_device.0.volume_type": "gp2",
                            "security_groups.#": "0",
                            "source_dest_check": "true",
                            "subnet_id": "subnet-01cce53118c4c5786",
                            "tags.%": "1",
                            "tags.Name": "HelloWorld",
                            "tenancy": "default",
                            "user_data": "f97378052edd3bb531a7407f2ab8e5464c83fbd1",
                            "volume_tags.%": "0",
                            "vpc_security_group_ids.#": "1",
                            "vpc_security_group_ids.3112043898": "sg-0a3fb753cd262e99f"
                        },
                        "meta": {
                            "e2bfb730-ecaa-11e6-8f88-34363bc7c4c0": {
                                "create": 600000000000,
                                "delete": 1200000000000,
                                "update": 600000000000
                            },
                            "schema_version": "1"
                        },
                        "tainted": false
                    },
                    "deposed": [],
                    "provider": "provider.aws"
                },
                "aws_internet_gateway.gw": {
                    "type": "aws_internet_gateway",
                    "depends_on": [
                        "aws_vpc.main"
                    ],
                    "primary": {
                        "id": "igw-0dec57646417c9e04",
                        "attributes": {
                            "id": "igw-0dec57646417c9e04",
                            "tags.%": "1",
                            "tags.Name": "aws_internet_gateway",
                            "vpc_id": "vpc-021096a5bac85784b"
                        },
                        "meta": {},
                        "tainted": false
                    },
                    "deposed": [],
                    "provider": "provider.aws"
                },
                "aws_route_table.r": {
                    "type": "aws_route_table",
                    "depends_on": [
                        "aws_internet_gateway.gw",
                        "aws_vpc.main"
                    ],
                    "primary": {
                        "id": "rtb-0284f4c7571f3f6b3",
                        "attributes": {
                            "id": "rtb-0284f4c7571f3f6b3",
                            "propagating_vgws.#": "0",
                            "route.#": "1",
                            "route.3765776025.cidr_block": "0.0.0.0/0",
                            "route.3765776025.egress_only_gateway_id": "",
                            "route.3765776025.gateway_id": "igw-0dec57646417c9e04",
                            "route.3765776025.instance_id": "",
                            "route.3765776025.ipv6_cidr_block": "",
                            "route.3765776025.nat_gateway_id": "",
                            "route.3765776025.network_interface_id": "",
                            "route.3765776025.vpc_peering_connection_id": "",
                            "tags.%": "1",
                            "tags.Name": "main",
                            "vpc_id": "vpc-021096a5bac85784b"
                        },
                        "meta": {},
                        "tainted": false
                    },
                    "deposed": [],
                    "provider": "provider.aws"
                },
                "aws_route_table_association.main-public-1-a": {
                    "type": "aws_route_table_association",
                    "depends_on": [
                        "aws_route_table.r",
                        "aws_subnet.public"
                    ],
                    "primary": {
                        "id": "rtbassoc-037ea31f8ea047129",
                        "attributes": {
                            "id": "rtbassoc-037ea31f8ea047129",
                            "route_table_id": "rtb-0284f4c7571f3f6b3",
                            "subnet_id": "subnet-01cce53118c4c5786"
                        },
                        "meta": {},
                        "tainted": false
                    },
                    "deposed": [],
                    "provider": "provider.aws"
                },
                "aws_security_group.allow_all": {
                    "type": "aws_security_group",
                    "depends_on": [
                        "aws_vpc.main"
                    ],
                    "primary": {
                        "id": "sg-0a3fb753cd262e99f",
                        "attributes": {
                            "arn": "arn:aws:ec2:us-east-1:778115407096:security-group/sg-0a3fb753cd262e99f",
                            "description": "Allow all inbound traffic",
                            "egress.#": "1",
                            "egress.482069346.cidr_blocks.#": "1",
                            "egress.482069346.cidr_blocks.0": "0.0.0.0/0",
                            "egress.482069346.description": "",
                            "egress.482069346.from_port": "0",
                            "egress.482069346.ipv6_cidr_blocks.#": "0",
                            "egress.482069346.prefix_list_ids.#": "0",
                            "egress.482069346.protocol": "-1",
                            "egress.482069346.security_groups.#": "0",
                            "egress.482069346.self": "false",
                            "egress.482069346.to_port": "0",
                            "id": "sg-0a3fb753cd262e99f",
                            "ingress.#": "2",
                            "ingress.2214680975.cidr_blocks.#": "1",
                            "ingress.2214680975.cidr_blocks.0": "0.0.0.0/0",
                            "ingress.2214680975.description": "",
                            "ingress.2214680975.from_port": "80",
                            "ingress.2214680975.ipv6_cidr_blocks.#": "0",
                            "ingress.2214680975.protocol": "tcp",
                            "ingress.2214680975.security_groups.#": "0",
                            "ingress.2214680975.self": "false",
                            "ingress.2214680975.to_port": "80",
                            "ingress.2541437006.cidr_blocks.#": "1",
                            "ingress.2541437006.cidr_blocks.0": "0.0.0.0/0",
                            "ingress.2541437006.description": "",
                            "ingress.2541437006.from_port": "22",
                            "ingress.2541437006.ipv6_cidr_blocks.#": "0",
                            "ingress.2541437006.protocol": "tcp",
                            "ingress.2541437006.security_groups.#": "0",
                            "ingress.2541437006.self": "false",
                            "ingress.2541437006.to_port": "22",
                            "name": "allow_all",
                            "owner_id": "778115407096",
                            "revoke_rules_on_delete": "false",
                            "tags.%": "1",
                            "tags.Name": "allow-ssh",
                            "vpc_id": "vpc-021096a5bac85784b"
                        },
                        "meta": {
                            "e2bfb730-ecaa-11e6-8f88-34363bc7c4c0": {
                                "create": 600000000000,
                                "delete": 600000000000
                            },
                            "schema_version": "1"
                        },
                        "tainted": false
                    },
                    "deposed": [],
                    "provider": "provider.aws"
                },
                "aws_subnet.private": {
                    "type": "aws_subnet",
                    "depends_on": [
                        "aws_vpc.main"
                    ],
                    "primary": {
                        "id": "subnet-023c8ad6565483ff6",
                        "attributes": {
                            "assign_ipv6_address_on_creation": "false",
                            "availability_zone": "us-east-1d",
                            "cidr_block": "10.0.2.0/24",
                            "id": "subnet-023c8ad6565483ff6",
                            "map_public_ip_on_launch": "false",
                            "tags.%": "1",
                            "tags.Name": "private_subnet",
                            "vpc_id": "vpc-021096a5bac85784b"
                        },
                        "meta": {
                            "schema_version": "1"
                        },
                        "tainted": false
                    },
                    "deposed": [],
                    "provider": "provider.aws"
                },
                "aws_subnet.public": {
                    "type": "aws_subnet",
                    "depends_on": [
                        "aws_vpc.main"
                    ],
                    "primary": {
                        "id": "subnet-01cce53118c4c5786",
                        "attributes": {
                            "assign_ipv6_address_on_creation": "false",
                            "availability_zone": "us-east-1b",
                            "cidr_block": "10.0.1.0/24",
                            "id": "subnet-01cce53118c4c5786",
                            "map_public_ip_on_launch": "false",
                            "tags.%": "1",
                            "tags.Name": "public_subnet",
                            "vpc_id": "vpc-021096a5bac85784b"
                        },
                        "meta": {
                            "schema_version": "1"
                        },
                        "tainted": false
                    },
                    "deposed": [],
                    "provider": "provider.aws"
                },
                "aws_vpc.main": {
                    "type": "aws_vpc",
                    "depends_on": [],
                    "primary": {
                        "id": "vpc-021096a5bac85784b",
                        "attributes": {
                            "arn": "arn:aws:ec2:us-east-1:778115407096:vpc/vpc-021096a5bac85784b",
                            "assign_generated_ipv6_cidr_block": "false",
                            "cidr_block": "10.0.0.0/16",
                            "default_network_acl_id": "acl-0ef3fdac88c29bb44",
                            "default_route_table_id": "rtb-0121819027be19d5d",
                            "default_security_group_id": "sg-04e54b1bcac6a962f",
                            "dhcp_options_id": "dopt-4c037637",
                            "enable_classiclink": "false",
                            "enable_classiclink_dns_support": "false",
                            "enable_dns_hostnames": "true",
                            "enable_dns_support": "true",
                            "id": "vpc-021096a5bac85784b",
                            "instance_tenancy": "default",
                            "main_route_table_id": "rtb-0121819027be19d5d",
                            "tags.%": "1",
                            "tags.Name": "main"
                        },
                        "meta": {
                            "schema_version": "1"
                        },
                        "tainted": false
                    },
                    "deposed": [],
                    "provider": "provider.aws"
                },
                "data.template_file.userdata1": {
                    "type": "template_file",
                    "depends_on": [],
                    "primary": {
                        "id": "02f228c07f56039c1f95fb686600403895caeb21ae8e5831a8fe971e7c032744",
                        "attributes": {
                            "id": "02f228c07f56039c1f95fb686600403895caeb21ae8e5831a8fe971e7c032744",
                            "rendered": "#!/bin/bash\n\nyum update -y\nyum install httpd -y\ncd /var/www/html\necho \"\u003chtml\u003e\u003ch1\u003eHello les minions  \u003c/h1\u003e\u003c/html\u003e\" \u003e\u003e index.html\nservice httpd start\n",
                            "template": "#!/bin/bash\n\nyum update -y\nyum install httpd -y\ncd /var/www/html\necho \"\u003chtml\u003e\u003ch1\u003eHello les minions  \u003c/h1\u003e\u003c/html\u003e\" \u003e\u003e index.html\nservice httpd start\n"
                        },
                        "meta": {},
                        "tainted": false
                    },
                    "deposed": [],
                    "provider": "provider.template"
                }
            },
            "depends_on": []
        }
    ]
}
